// !$*UTF8*$!
{
	archiveVersion = 1;
	classes = {
	};
	objectVersion = 50;
	objects = {

/* Begin PBXBuildFile section */
		1037595D24969E5F0022CBA1 /* CreditTwo.storyboard in Resources */ = {isa = PBXBuildFile; fileRef = 1037595C24969E5F0022CBA1 /* CreditTwo.storyboard */; };
		10AEAEE62494F6C40061C668 /* AppDelegate.swift in Sources */ = {isa = PBXBuildFile; fileRef = 10AEAEE52494F6C40061C668 /* AppDelegate.swift */; };
		10AEAEE82494F6C40061C668 /* SceneDelegate.swift in Sources */ = {isa = PBXBuildFile; fileRef = 10AEAEE72494F6C40061C668 /* SceneDelegate.swift */; };
		10AEAEEA2494F6C40061C668 /* MainViewController.swift in Sources */ = {isa = PBXBuildFile; fileRef = 10AEAEE92494F6C40061C668 /* MainViewController.swift */; };
		10AEAEED2494F6C40061C668 /* Main.storyboard in Resources */ = {isa = PBXBuildFile; fileRef = 10AEAEEB2494F6C40061C668 /* Main.storyboard */; };
		10AEAEEF2494F6C60061C668 /* Assets.xcassets in Resources */ = {isa = PBXBuildFile; fileRef = 10AEAEEE2494F6C60061C668 /* Assets.xcassets */; };
		10AEAEF22494F6C60061C668 /* LaunchScreen.storyboard in Resources */ = {isa = PBXBuildFile; fileRef = 10AEAEF02494F6C60061C668 /* LaunchScreen.storyboard */; };
		10AEAEFE2494FA4B0061C668 /* CreditViewController.swift in Sources */ = {isa = PBXBuildFile; fileRef = 10AEAEFD2494FA4B0061C668 /* CreditViewController.swift */; };
		10AEAF002494FA7C0061C668 /* PensionViewController.swift in Sources */ = {isa = PBXBuildFile; fileRef = 10AEAEFF2494FA7C0061C668 /* PensionViewController.swift */; };
		10AEAF022494FAB00061C668 /* PayDayViewController.swift in Sources */ = {isa = PBXBuildFile; fileRef = 10AEAF012494FAB00061C668 /* PayDayViewController.swift */; };
		10AEAF0A2494FB140061C668 /* Pension.storyboard in Resources */ = {isa = PBXBuildFile; fileRef = 10AEAF092494FB140061C668 /* Pension.storyboard */; };
		10AEAF0C2494FB1C0061C668 /* PayDay.storyboard in Resources */ = {isa = PBXBuildFile; fileRef = 10AEAF0B2494FB1C0061C668 /* PayDay.storyboard */; };
/* End PBXBuildFile section */

/* Begin PBXFileReference section */
		1037595C24969E5F0022CBA1 /* CreditTwo.storyboard */ = {isa = PBXFileReference; lastKnownFileType = file.storyboard; name = CreditTwo.storyboard; path = LuckyTeam_HW2.8/Storyboards/CreditTwo.storyboard; sourceTree = SOURCE_ROOT; };
		10AEAEE22494F6C40061C668 /* LuckyTeam_HW2.8.app */ = {isa = PBXFileReference; explicitFileType = wrapper.application; includeInIndex = 0; path = LuckyTeam_HW2.8.app; sourceTree = BUILT_PRODUCTS_DIR; };
		10AEAEE52494F6C40061C668 /* AppDelegate.swift */ = {isa = PBXFileReference; lastKnownFileType = sourcecode.swift; path = AppDelegate.swift; sourceTree = "<group>"; };
		10AEAEE72494F6C40061C668 /* SceneDelegate.swift */ = {isa = PBXFileReference; lastKnownFileType = sourcecode.swift; path = SceneDelegate.swift; sourceTree = "<group>"; };
		10AEAEE92494F6C40061C668 /* MainViewController.swift */ = {isa = PBXFileReference; lastKnownFileType = sourcecode.swift; path = MainViewController.swift; sourceTree = "<group>"; };
		10AEAEEC2494F6C40061C668 /* Base */ = {isa = PBXFileReference; lastKnownFileType = file.storyboard; name = Base; path = Base.lproj/Main.storyboard; sourceTree = "<group>"; };
		10AEAEEE2494F6C60061C668 /* Assets.xcassets */ = {isa = PBXFileReference; lastKnownFileType = folder.assetcatalog; path = Assets.xcassets; sourceTree = "<group>"; };
		10AEAEF12494F6C60061C668 /* Base */ = {isa = PBXFileReference; lastKnownFileType = file.storyboard; name = Base; path = Base.lproj/LaunchScreen.storyboard; sourceTree = "<group>"; };
		10AEAEF32494F6C60061C668 /* Info.plist */ = {isa = PBXFileReference; lastKnownFileType = text.plist.xml; path = Info.plist; sourceTree = "<group>"; };
		10AEAEFD2494FA4B0061C668 /* CreditViewController.swift */ = {isa = PBXFileReference; lastKnownFileType = sourcecode.swift; name = CreditViewController.swift; path = LuckyTeam_HW2.8/Storyboards/CreditViewController.swift; sourceTree = SOURCE_ROOT; };
		10AEAEFF2494FA7C0061C668 /* PensionViewController.swift */ = {isa = PBXFileReference; lastKnownFileType = sourcecode.swift; path = PensionViewController.swift; sourceTree = "<group>"; };
		10AEAF012494FAB00061C668 /* PayDayViewController.swift */ = {isa = PBXFileReference; lastKnownFileType = sourcecode.swift; path = PayDayViewController.swift; sourceTree = "<group>"; };
		10AEAF092494FB140061C668 /* Pension.storyboard */ = {isa = PBXFileReference; lastKnownFileType = file.storyboard; path = Pension.storyboard; sourceTree = "<group>"; };
		10AEAF0B2494FB1C0061C668 /* PayDay.storyboard */ = {isa = PBXFileReference; lastKnownFileType = file.storyboard; path = PayDay.storyboard; sourceTree = "<group>"; };
/* End PBXFileReference section */

/* Begin PBXFrameworksBuildPhase section */
		10AEAEDF2494F6C40061C668 /* Frameworks */ = {
			isa = PBXFrameworksBuildPhase;
			buildActionMask = 2147483647;
			files = (
			);
			runOnlyForDeploymentPostprocessing = 0;
		};
/* End PBXFrameworksBuildPhase section */

/* Begin PBXGroup section */
		10AEAED92494F6C40061C668 = {
			isa = PBXGroup;
			children = (
				10AEAEE42494F6C40061C668 /* LuckyTeam_HW2.8 */,
				10AEAEE32494F6C40061C668 /* Products */,
			);
			sourceTree = "<group>";
		};
		10AEAEE32494F6C40061C668 /* Products */ = {
			isa = PBXGroup;
			children = (
				10AEAEE22494F6C40061C668 /* LuckyTeam_HW2.8.app */,
			);
			name = Products;
			sourceTree = "<group>";
		};
		10AEAEE42494F6C40061C668 /* LuckyTeam_HW2.8 */ = {
			isa = PBXGroup;
			children = (
				10AEAEF92494F70B0061C668 /* SupportingFiles */,
				10AEAEFA2494F7450061C668 /* ViewControllers */,
				10AEAEFB2494F7570061C668 /* Storyboards */,
				10AEAEFC2494F7940061C668 /* Sources */,
			);
			path = LuckyTeam_HW2.8;
			sourceTree = "<group>";
		};
		10AEAEF92494F70B0061C668 /* SupportingFiles */ = {
			isa = PBXGroup;
			children = (
				10AEAEE52494F6C40061C668 /* AppDelegate.swift */,
				10AEAEE72494F6C40061C668 /* SceneDelegate.swift */,
				10AEAEF32494F6C60061C668 /* Info.plist */,
			);
			path = SupportingFiles;
			sourceTree = "<group>";
		};
		10AEAEFA2494F7450061C668 /* ViewControllers */ = {
			isa = PBXGroup;
			children = (
				10AEAEE92494F6C40061C668 /* MainViewController.swift */,
				10AEAEFD2494FA4B0061C668 /* CreditViewController.swift */,
				10AEAEFF2494FA7C0061C668 /* PensionViewController.swift */,
				10AEAF012494FAB00061C668 /* PayDayViewController.swift */,
			);
			path = ViewControllers;
			sourceTree = "<group>";
		};
		10AEAEFB2494F7570061C668 /* Storyboards */ = {
			isa = PBXGroup;
			children = (
				10AEAEEB2494F6C40061C668 /* Main.storyboard */,
				1037595C24969E5F0022CBA1 /* CreditTwo.storyboard */,
				10AEAF092494FB140061C668 /* Pension.storyboard */,
				10AEAF0B2494FB1C0061C668 /* PayDay.storyboard */,
				10AEAEF02494F6C60061C668 /* LaunchScreen.storyboard */,
			);
			path = Storyboards;
			sourceTree = "<group>";
		};
		10AEAEFC2494F7940061C668 /* Sources */ = {
			isa = PBXGroup;
			children = (
				10AEAEEE2494F6C60061C668 /* Assets.xcassets */,
			);
			path = Sources;
			sourceTree = "<group>";
		};
/* End PBXGroup section */

/* Begin PBXNativeTarget section */
		10AEAEE12494F6C40061C668 /* LuckyTeam_HW2.8 */ = {
			isa = PBXNativeTarget;
			buildConfigurationList = 10AEAEF62494F6C60061C668 /* Build configuration list for PBXNativeTarget "LuckyTeam_HW2.8" */;
			buildPhases = (
				10AEAEDE2494F6C40061C668 /* Sources */,
				10AEAEDF2494F6C40061C668 /* Frameworks */,
				10AEAEE02494F6C40061C668 /* Resources */,
			);
			buildRules = (
			);
			dependencies = (
			);
			name = LuckyTeam_HW2.8;
			productName = LuckyTeam_HW2.8;
			productReference = 10AEAEE22494F6C40061C668 /* LuckyTeam_HW2.8.app */;
			productType = "com.apple.product-type.application";
		};
/* End PBXNativeTarget section */

/* Begin PBXProject section */
		10AEAEDA2494F6C40061C668 /* Project object */ = {
			isa = PBXProject;
			attributes = {
				LastSwiftUpdateCheck = 1150;
				LastUpgradeCheck = 1150;
				ORGANIZATIONNAME = KozhanovMikhail;
				TargetAttributes = {
					10AEAEE12494F6C40061C668 = {
						CreatedOnToolsVersion = 11.5;
					};
				};
			};
			buildConfigurationList = 10AEAEDD2494F6C40061C668 /* Build configuration list for PBXProject "LuckyTeam_HW2.8" */;
			compatibilityVersion = "Xcode 9.3";
			developmentRegion = en;
			hasScannedForEncodings = 0;
			knownRegions = (
				en,
				Base,
			);
			mainGroup = 10AEAED92494F6C40061C668;
			productRefGroup = 10AEAEE32494F6C40061C668 /* Products */;
			projectDirPath = "";
			projectRoot = "";
			targets = (
				10AEAEE12494F6C40061C668 /* LuckyTeam_HW2.8 */,
			);
		};
/* End PBXProject section */

/* Begin PBXResourcesBuildPhase section */
		10AEAEE02494F6C40061C668 /* Resources */ = {
			isa = PBXResourcesBuildPhase;
			buildActionMask = 2147483647;
			files = (
				10AEAEF22494F6C60061C668 /* LaunchScreen.storyboard in Resources */,
				10AEAF0A2494FB140061C668 /* Pension.storyboard in Resources */,
				1037595D24969E5F0022CBA1 /* CreditTwo.storyboard in Resources */,
				10AEAEEF2494F6C60061C668 /* Assets.xcassets in Resources */,
				10AEAEED2494F6C40061C668 /* Main.storyboard in Resources */,
				10AEAF0C2494FB1C0061C668 /* PayDay.storyboard in Resources */,
			);
			runOnlyForDeploymentPostprocessing = 0;
		};
/* End PBXResourcesBuildPhase section */

/* Begin PBXSourcesBuildPhase section */
		10AEAEDE2494F6C40061C668 /* Sources */ = {
			isa = PBXSourcesBuildPhase;
			buildActionMask = 2147483647;
			files = (
				10AEAF002494FA7C0061C668 /* PensionViewController.swift in Sources */,
				10AEAEEA2494F6C40061C668 /* MainViewController.swift in Sources */,
				10AEAEE62494F6C40061C668 /* AppDelegate.swift in Sources */,
				10AEAEE82494F6C40061C668 /* SceneDelegate.swift in Sources */,
				10AEAF022494FAB00061C668 /* PayDayViewController.swift in Sources */,
				10AEAEFE2494FA4B0061C668 /* CreditViewController.swift in Sources */,
			);
			runOnlyForDeploymentPostprocessing = 0;
		};
/* End PBXSourcesBuildPhase section */

/* Begin PBXVariantGroup section */
		10AEAEEB2494F6C40061C668 /* Main.storyboard */ = {
			isa = PBXVariantGroup;
			children = (
				10AEAEEC2494F6C40061C668 /* Base */,
			);
			name = Main.storyboard;
			sourceTree = "<group>";
		};
		10AEAEF02494F6C60061C668 /* LaunchScreen.storyboard */ = {
			isa = PBXVariantGroup;
			children = (
				10AEAEF12494F6C60061C668 /* Base */,
			);
			name = LaunchScreen.storyboard;
			sourceTree = "<group>";
		};
/* End PBXVariantGroup section */

/* Begin XCBuildConfiguration section */
		10AEAEF42494F6C60061C668 /* Debug */ = {
			isa = XCBuildConfiguration;
			buildSettings = {
				ALWAYS_SEARCH_USER_PATHS = NO;
				CLANG_ANALYZER_NONNULL = YES;
				CLANG_ANALYZER_NUMBER_OBJECT_CONVERSION = YES_AGGRESSIVE;
				CLANG_CXX_LANGUAGE_STANDARD = "gnu++14";
				CLANG_CXX_LIBRARY = "libc++";
				CLANG_ENABLE_MODULES = YES;
				CLANG_ENABLE_OBJC_ARC = YES;
				CLANG_ENABLE_OBJC_WEAK = YES;
				CLANG_WARN_BLOCK_CAPTURE_AUTORELEASING = YES;
				CLANG_WARN_BOOL_CONVERSION = YES;
				CLANG_WARN_COMMA = YES;
				CLANG_WARN_CONSTANT_CONVERSION = YES;
				CLANG_WARN_DEPRECATED_OBJC_IMPLEMENTATIONS = YES;
				CLANG_WARN_DIRECT_OBJC_ISA_USAGE = YES_ERROR;
				CLANG_WARN_DOCUMENTATION_COMMENTS = YES;
				CLANG_WARN_EMPTY_BODY = YES;
				CLANG_WARN_ENUM_CONVERSION = YES;
				CLANG_WARN_INFINITE_RECURSION = YES;
				CLANG_WARN_INT_CONVERSION = YES;
				CLANG_WARN_NON_LITERAL_NULL_CONVERSION = YES;
				CLANG_WARN_OBJC_IMPLICIT_RETAIN_SELF = YES;
				CLANG_WARN_OBJC_LITERAL_CONVERSION = YES;
				CLANG_WARN_OBJC_ROOT_CLASS = YES_ERROR;
				CLANG_WARN_RANGE_LOOP_ANALYSIS = YES;
				CLANG_WARN_STRICT_PROTOTYPES = YES;
				CLANG_WARN_SUSPICIOUS_MOVE = YES;
				CLANG_WARN_UNGUARDED_AVAILABILITY = YES_AGGRESSIVE;
				CLANG_WARN_UNREACHABLE_CODE = YES;
				CLANG_WARN__DUPLICATE_METHOD_MATCH = YES;
				COPY_PHASE_STRIP = NO;
				DEBUG_INFORMATION_FORMAT = dwarf;
				ENABLE_STRICT_OBJC_MSGSEND = YES;
				ENABLE_TESTABILITY = YES;
				GCC_C_LANGUAGE_STANDARD = gnu11;
				GCC_DYNAMIC_NO_PIC = NO;
				GCC_NO_COMMON_BLOCKS = YES;
				GCC_OPTIMIZATION_LEVEL = 0;
				GCC_PREPROCESSOR_DEFINITIONS = (
					"DEBUG=1",
					"$(inherited)",
				);
				GCC_WARN_64_TO_32_BIT_CONVERSION = YES;
				GCC_WARN_ABOUT_RETURN_TYPE = YES_ERROR;
				GCC_WARN_UNDECLARED_SELECTOR = YES;
				GCC_WARN_UNINITIALIZED_AUTOS = YES_AGGRESSIVE;
				GCC_WARN_UNUSED_FUNCTION = YES;
				GCC_WARN_UNUSED_VARIABLE = YES;
				IPHONEOS_DEPLOYMENT_TARGET = 13.5;
				MTL_ENABLE_DEBUG_INFO = INCLUDE_SOURCE;
				MTL_FAST_MATH = YES;
				ONLY_ACTIVE_ARCH = YES;
				SDKROOT = iphoneos;
				SWIFT_ACTIVE_COMPILATION_CONDITIONS = DEBUG;
				SWIFT_OPTIMIZATION_LEVEL = "-Onone";
			};
			name = Debug;
		};
		10AEAEF52494F6C60061C668 /* Release */ = {
			isa = XCBuildConfiguration;
			buildSettings = {
				ALWAYS_SEARCH_USER_PATHS = NO;
				CLANG_ANALYZER_NONNULL = YES;
				CLANG_ANALYZER_NUMBER_OBJECT_CONVERSION = YES_AGGRESSIVE;
				CLANG_CXX_LANGUAGE_STANDARD = "gnu++14";
				CLANG_CXX_LIBRARY = "libc++";
				CLANG_ENABLE_MODULES = YES;
				CLANG_ENABLE_OBJC_ARC = YES;
				CLANG_ENABLE_OBJC_WEAK = YES;
				CLANG_WARN_BLOCK_CAPTURE_AUTORELEASING = YES;
				CLANG_WARN_BOOL_CONVERSION = YES;
				CLANG_WARN_COMMA = YES;
				CLANG_WARN_CONSTANT_CONVERSION = YES;
				CLANG_WARN_DEPRECATED_OBJC_IMPLEMENTATIONS = YES;
				CLANG_WARN_DIRECT_OBJC_ISA_USAGE = YES_ERROR;
				CLANG_WARN_DOCUMENTATION_COMMENTS = YES;
				CLANG_WARN_EMPTY_BODY = YES;
				CLANG_WARN_ENUM_CONVERSION = YES;
				CLANG_WARN_INFINITE_RECURSION = YES;
				CLANG_WARN_INT_CONVERSION = YES;
				CLANG_WARN_NON_LITERAL_NULL_CONVERSION = YES;
				CLANG_WARN_OBJC_IMPLICIT_RETAIN_SELF = YES;
				CLANG_WARN_OBJC_LITERAL_CONVERSION = YES;
				CLANG_WARN_OBJC_ROOT_CLASS = YES_ERROR;
				CLANG_WARN_RANGE_LOOP_ANALYSIS = YES;
				CLANG_WARN_STRICT_PROTOTYPES = YES;
				CLANG_WARN_SUSPICIOUS_MOVE = YES;
				CLANG_WARN_UNGUARDED_AVAILABILITY = YES_AGGRESSIVE;
				CLANG_WARN_UNREACHABLE_CODE = YES;
				CLANG_WARN__DUPLICATE_METHOD_MATCH = YES;
				COPY_PHASE_STRIP = NO;
				DEBUG_INFORMATION_FORMAT = "dwarf-with-dsym";
				ENABLE_NS_ASSERTIONS = NO;
				ENABLE_STRICT_OBJC_MSGSEND = YES;
				GCC_C_LANGUAGE_STANDARD = gnu11;
				GCC_NO_COMMON_BLOCKS = YES;
				GCC_WARN_64_TO_32_BIT_CONVERSION = YES;
				GCC_WARN_ABOUT_RETURN_TYPE = YES_ERROR;
				GCC_WARN_UNDECLARED_SELECTOR = YES;
				GCC_WARN_UNINITIALIZED_AUTOS = YES_AGGRESSIVE;
				GCC_WARN_UNUSED_FUNCTION = YES;
				GCC_WARN_UNUSED_VARIABLE = YES;
				IPHONEOS_DEPLOYMENT_TARGET = 13.5;
				MTL_ENABLE_DEBUG_INFO = NO;
				MTL_FAST_MATH = YES;
				SDKROOT = iphoneos;
				SWIFT_COMPILATION_MODE = wholemodule;
				SWIFT_OPTIMIZATION_LEVEL = "-O";
				VALIDATE_PRODUCT = YES;
			};
			name = Release;
		};
		10AEAEF72494F6C60061C668 /* Debug */ = {
			isa = XCBuildConfiguration;
			buildSettings = {
				ASSETCATALOG_COMPILER_APPICON_NAME = AppIcon;
				CODE_SIGN_STYLE = Automatic;
				DEVELOPMENT_TEAM = CJK5K39YAH;
				INFOPLIST_FILE = "$(SRCROOT)/LuckyTeam_HW2.8/SupportingFiles/Info.plist";
				IPHONEOS_DEPLOYMENT_TARGET = 13.4;
				LD_RUNPATH_SEARCH_PATHS = (
					"$(inherited)",
					"@executable_path/Frameworks",
				);
				PRODUCT_BUNDLE_IDENTIFIER = "KozhanovMikhail.LuckyTeam-HW2-8";
				PRODUCT_NAME = "$(TARGET_NAME)";
				SWIFT_VERSION = 5.0;
				TARGETED_DEVICE_FAMILY = "1,2";
			};
			name = Debug;
		};
		10AEAEF82494F6C60061C668 /* Release */ = {
			isa = XCBuildConfiguration;
			buildSettings = {
				ASSETCATALOG_COMPILER_APPICON_NAME = AppIcon;
				CODE_SIGN_STYLE = Automatic;
				DEVELOPMENT_TEAM = CJK5K39YAH;
				INFOPLIST_FILE = "$(SRCROOT)/LuckyTeam_HW2.8/SupportingFiles/Info.plist";
				IPHONEOS_DEPLOYMENT_TARGET = 13.4;
				LD_RUNPATH_SEARCH_PATHS = (
					"$(inherited)",
					"@executable_path/Frameworks",
				);
				PRODUCT_BUNDLE_IDENTIFIER = "KozhanovMikhail.LuckyTeam-HW2-8";
				PRODUCT_NAME = "$(TARGET_NAME)";
				SWIFT_VERSION = 5.0;
				TARGETED_DEVICE_FAMILY = "1,2";
			};
			name = Release;
		};
/* End XCBuildConfiguration section */

/* Begin XCConfigurationList section */
		10AEAEDD2494F6C40061C668 /* Build configuration list for PBXProject "LuckyTeam_HW2.8" */ = {
			isa = XCConfigurationList;
			buildConfigurations = (
				10AEAEF42494F6C60061C668 /* Debug */,
				10AEAEF52494F6C60061C668 /* Release */,
			);
			defaultConfigurationIsVisible = 0;
			defaultConfigurationName = Release;
		};
		10AEAEF62494F6C60061C668 /* Build configuration list for PBXNativeTarget "LuckyTeam_HW2.8" */ = {
			isa = XCConfigurationList;
			buildConfigurations = (
				10AEAEF72494F6C60061C668 /* Debug */,
				10AEAEF82494F6C60061C668 /* Release */,
			);
			defaultConfigurationIsVisible = 0;
			defaultConfigurationName = Release;
		};
/* End XCConfigurationList section */
	};
	rootObject = 10AEAEDA2494F6C40061C668 /* Project object */;
}
